// !$*UTF8*$!
{
	archiveVersion = 1;
	classes = {
	};
	objectVersion = 46;
	objects = {

/* Begin PBXBuildFile section */
		D5BAA6071D708EA5004B96D8 /* AppDelegate.swift in Sources */ = {isa = PBXBuildFile; fileRef = D5BAA6061D708EA5004B96D8 /* AppDelegate.swift */; };
		D5BAA6091D708EA5004B96D8 /* ViewController.swift in Sources */ = {isa = PBXBuildFile; fileRef = D5BAA6081D708EA5004B96D8 /* ViewController.swift */; };
		D5BAA60C1D708EA5004B96D8 /* Main.storyboard in Resources */ = {isa = PBXBuildFile; fileRef = D5BAA60A1D708EA5004B96D8 /* Main.storyboard */; };
		D5BAA60E1D708EA5004B96D8 /* Assets.xcassets in Resources */ = {isa = PBXBuildFile; fileRef = D5BAA60D1D708EA5004B96D8 /* Assets.xcassets */; };
		D5BAA6111D708EA5004B96D8 /* LaunchScreen.storyboard in Resources */ = {isa = PBXBuildFile; fileRef = D5BAA60F1D708EA5004B96D8 /* LaunchScreen.storyboard */; };
/* End PBXBuildFile section */

/* Begin PBXFileReference section */
		D5BAA6031D708EA5004B96D8 /* AccederWebOpenLibraryOrg.app */ = {isa = PBXFileReference; explicitFileType = wrapper.application; includeInIndex = 0; path = AccederWebOpenLibraryOrg.app; sourceTree = BUILT_PRODUCTS_DIR; };
		D5BAA6061D708EA5004B96D8 /* AppDelegate.swift */ = {isa = PBXFileReference; lastKnownFileType = sourcecode.swift; path = AppDelegate.swift; sourceTree = "<group>"; };
		D5BAA6081D708EA5004B96D8 /* ViewController.swift */ = {isa = PBXFileReference; lastKnownFileType = sourcecode.swift; path = ViewController.swift; sourceTree = "<group>"; };
		D5BAA60B1D708EA5004B96D8 /* Base */ = {isa = PBXFileReference; lastKnownFileType = file.storyboard; name = Base; path = Base.lproj/Main.storyboard; sourceTree = "<group>"; };
		D5BAA60D1D708EA5004B96D8 /* Assets.xcassets */ = {isa = PBXFileReference; lastKnownFileType = folder.assetcatalog; path = Assets.xcassets; sourceTree = "<group>"; };
		D5BAA6101D708EA5004B96D8 /* Base */ = {isa = PBXFileReference; lastKnownFileType = file.storyboard; name = Base; path = Base.lproj/LaunchScreen.storyboard; sourceTree = "<group>"; };
		D5BAA6121D708EA5004B96D8 /* Info.plist */ = {isa = PBXFileReference; lastKnownFileType = text.plist.xml; path = Info.plist; sourceTree = "<group>"; };
/* End PBXFileReference section */

/* Begin PBXFrameworksBuildPhase section */
		D5BAA6001D708EA5004B96D8 /* Frameworks */ = {
			isa = PBXFrameworksBuildPhase;
			buildActionMask = 2147483647;
			files = (
			);
			runOnlyForDeploymentPostprocessing = 0;
		};
/* End PBXFrameworksBuildPhase section */

/* Begin PBXGroup section */
		D5BAA5FA1D708EA5004B96D8 = {
			isa = PBXGroup;
			children = (
				D5BAA6051D708EA5004B96D8 /* AccederWebOpenLibraryOrg */,
				D5BAA6041D708EA5004B96D8 /* Products */,
			);
			sourceTree = "<group>";
		};
		D5BAA6041D708EA5004B96D8 /* Products */ = {
			isa = PBXGroup;
			children = (
				D5BAA6031D708EA5004B96D8 /* AccederWebOpenLibraryOrg.app */,
			);
			name = Products;
			sourceTree = "<group>";
		};
		D5BAA6051D708EA5004B96D8 /* AccederWebOpenLibraryOrg */ = {
			isa = PBXGroup;
			children = (
				D5BAA6061D708EA5004B96D8 /* AppDelegate.swift */,
				D5BAA6081D708EA5004B96D8 /* ViewController.swift */,
				D5BAA60A1D708EA5004B96D8 /* Main.storyboard */,
				D5BAA60D1D708EA5004B96D8 /* Assets.xcassets */,
				D5BAA60F1D708EA5004B96D8 /* LaunchScreen.storyboard */,
				D5BAA6121D708EA5004B96D8 /* Info.plist */,
			);
			path = AccederWebOpenLibraryOrg;
			sourceTree = "<group>";
		};
/* End PBXGroup section */

/* Begin PBXNativeTarget section */
		D5BAA6021D708EA5004B96D8 /* AccederWebOpenLibraryOrg */ = {
			isa = PBXNativeTarget;
			buildConfigurationList = D5BAA6151D708EA5004B96D8 /* Build configuration list for PBXNativeTarget "AccederWebOpenLibraryOrg" */;
			buildPhases = (
				D5BAA5FF1D708EA5004B96D8 /* Sources */,
				D5BAA6001D708EA5004B96D8 /* Frameworks */,
				D5BAA6011D708EA5004B96D8 /* Resources */,
			);
			buildRules = (
			);
			dependencies = (
			);
			name = AccederWebOpenLibraryOrg;
			productName = AccederWebOpenLibraryOrg;
			productReference = D5BAA6031D708EA5004B96D8 /* AccederWebOpenLibraryOrg.app */;
			productType = "com.apple.product-type.application";
		};
/* End PBXNativeTarget section */

/* Begin PBXProject section */
		D5BAA5FB1D708EA5004B96D8 /* Project object */ = {
			isa = PBXProject;
			attributes = {
				LastSwiftUpdateCheck = 0730;
				LastUpgradeCheck = 0730;
				ORGANIZATIONNAME = iOS.SwiftProgramar;
				TargetAttributes = {
					D5BAA6021D708EA5004B96D8 = {
						CreatedOnToolsVersion = 7.3.1;
					};
				};
			};
			buildConfigurationList = D5BAA5FE1D708EA5004B96D8 /* Build configuration list for PBXProject "AccederWebOpenLibraryOrg" */;
			compatibilityVersion = "Xcode 3.2";
			developmentRegion = English;
			hasScannedForEncodings = 0;
			knownRegions = (
				en,
				Base,
			);
			mainGroup = D5BAA5FA1D708EA5004B96D8;
			productRefGroup = D5BAA6041D708EA5004B96D8 /* Products */;
			projectDirPath = "";
			projectRoot = "";
			targets = (
				D5BAA6021D708EA5004B96D8 /* AccederWebOpenLibraryOrg */,
			);
		};
/* End PBXProject section */

/* Begin PBXResourcesBuildPhase section */
		D5BAA6011D708EA5004B96D8 /* Resources */ = {
			isa = PBXResourcesBuildPhase;
			buildActionMask = 2147483647;
			files = (
				D5BAA6111D708EA5004B96D8 /* LaunchScreen.storyboard in Resources */,
				D5BAA60E1D708EA5004B96D8 /* Assets.xcassets in Resources */,
				D5BAA60C1D708EA5004B96D8 /* Main.storyboard in Resources */,
			);
			runOnlyForDeploymentPostprocessing = 0;
		};
/* End PBXResourcesBuildPhase section */

/* Begin PBXSourcesBuildPhase section */
		D5BAA5FF1D708EA5004B96D8 /* Sources */ = {
			isa = PBXSourcesBuildPhase;
			buildActionMask = 2147483647;
			files = (
				D5BAA6091D708EA5004B96D8 /* ViewController.swift in Sources */,
				D5BAA6071D708EA5004B96D8 /* AppDelegate.swift in Sources */,
			);
			runOnlyForDeploymentPostprocessing = 0;
		};
/* End PBXSourcesBuildPhase section */

/* Begin PBXVariantGroup section */
		D5BAA60A1D708EA5004B96D8 /* Main.storyboard */ = {
			isa = PBXVariantGroup;
			children = (
				D5BAA60B1D708EA5004B96D8 /* Base */,
			);
			name = Main.storyboard;
			sourceTree = "<group>";
		};
		D5BAA60F1D708EA5004B96D8 /* LaunchScreen.storyboard */ = {
			isa = PBXVariantGroup;
			children = (
				D5BAA6101D708EA5004B96D8 /* Base */,
			);
			name = LaunchScreen.storyboard;
			sourceTree = "<group>";
		};
/* End PBXVariantGroup section */

/* Begin XCBuildConfiguration section */
		D5BAA6131D708EA5004B96D8 /* Debug */ = {
			isa = XCBuildConfiguration;
			buildSettings = {
				ALWAYS_SEARCH_USER_PATHS = NO;
				CLANG_ANALYZER_NONNULL = YES;
				CLANG_CXX_LANGUAGE_STANDARD = "gnu++0x";
				CLANG_CXX_LIBRARY = "libc++";
				CLANG_ENABLE_MODULES = YES;
				CLANG_ENABLE_OBJC_ARC = YES;
				CLANG_WARN_BOOL_CONVERSION = YES;
				CLANG_WARN_CONSTANT_CONVERSION = YES;
				CLANG_WARN_DIRECT_OBJC_ISA_USAGE = YES_ERROR;
				CLANG_WARN_EMPTY_BODY = YES;
				CLANG_WARN_ENUM_CONVERSION = YES;
				CLANG_WARN_INT_CONVERSION = YES;
				CLANG_WARN_OBJC_ROOT_CLASS = YES_ERROR;
				CLANG_WARN_UNREACHABLE_CODE = YES;
				CLANG_WARN__DUPLICATE_METHOD_MATCH = YES;
				"CODE_SIGN_IDENTITY[sdk=iphoneos*]" = "iPhone Developer";
				COPY_PHASE_STRIP = NO;
				DEBUG_INFORMATION_FORMAT = dwarf;
				ENABLE_STRICT_OBJC_MSGSEND = YES;
				ENABLE_TESTABILITY = YES;
				GCC_C_LANGUAGE_STANDARD = gnu99;
				GCC_DYNAMIC_NO_PIC = NO;
				GCC_NO_COMMON_BLOCKS = YES;
				GCC_OPTIMIZATION_LEVEL = 0;
				GCC_PREPROCESSOR_DEFINITIONS = (
					"DEBUG=1",
					"$(inherited)",
				);
				GCC_WARN_64_TO_32_BIT_CONVERSION = YES;
				GCC_WARN_ABOUT_RETURN_TYPE = YES_ERROR;
				GCC_WARN_UNDECLARED_SELECTOR = YES;
				GCC_WARN_UNINITIALIZED_AUTOS = YES_AGGRESSIVE;
				GCC_WARN_UNUSED_FUNCTION = YES;
				GCC_WARN_UNUSED_VARIABLE = YES;
				IPHONEOS_DEPLOYMENT_TARGET = 9.3;
				MTL_ENABLE_DEBUG_INFO = YES;
				ONLY_ACTIVE_ARCH = YES;
				SDKROOT = iphoneos;
				SWIFT_OPTIMIZATION_LEVEL = "-Onone";
				TARGETED_DEVICE_FAMILY = "1,2";
			};
			name = Debug;
		};
		D5BAA6141D708EA5004B96D8 /* Release */ = {
			isa = XCBuildConfiguration;
			buildSettings = {
				ALWAYS_SEARCH_USER_PATHS = NO;
				CLANG_ANALYZER_NONNULL = YES;
				CLANG_CXX_LANGUAGE_STANDARD = "gnu++0x";
				CLANG_CXX_LIBRARY = "libc++";
				CLANG_ENABLE_MODULES = YES;
				CLANG_ENABLE_OBJC_ARC = YES;
				CLANG_WARN_BOOL_CONVERSION = YES;
				CLANG_WARN_CONSTANT_CONVERSION = YES;
				CLANG_WARN_DIRECT_OBJC_ISA_USAGE = YES_ERROR;
				CLANG_WARN_EMPTY_BODY = YES;
				CLANG_WARN_ENUM_CONVERSION = YES;
				CLANG_WARN_INT_CONVERSION = YES;
				CLANG_WARN_OBJC_ROOT_CLASS = YES_ERROR;
				CLANG_WARN_UNREACHABLE_CODE = YES;
				CLANG_WARN__DUPLICATE_METHOD_MATCH = YES;
				"CODE_SIGN_IDENTITY[sdk=iphoneos*]" = "iPhone Developer";
				COPY_PHASE_STRIP = NO;
				DEBUG_INFORMATION_FORMAT = "dwarf-with-dsym";
				ENABLE_NS_ASSERTIONS = NO;
				ENABLE_STRICT_OBJC_MSGSEND = YES;
				GCC_C_LANGUAGE_STANDARD = gnu99;
				GCC_NO_COMMON_BLOCKS = YES;
				GCC_WARN_64_TO_32_BIT_CONVERSION = YES;
				GCC_WARN_ABOUT_RETURN_TYPE = YES_ERROR;
				GCC_WARN_UNDECLARED_SELECTOR = YES;
				GCC_WARN_UNINITIALIZED_AUTOS = YES_AGGRESSIVE;
				GCC_WARN_UNUSED_FUNCTION = YES;
				GCC_WARN_UNUSED_VARIABLE = YES;
				IPHONEOS_DEPLOYMENT_TARGET = 9.3;
				MTL_ENABLE_DEBUG_INFO = NO;
				SDKROOT = iphoneos;
				TARGETED_DEVICE_FAMILY = "1,2";
				VALIDATE_PRODUCT = YES;
			};
			name = Release;
		};
		D5BAA6161D708EA5004B96D8 /* Debug */ = {
			isa = XCBuildConfiguration;
			buildSettings = {
				ASSETCATALOG_COMPILER_APPICON_NAME = AppIcon;
				INFOPLIST_FILE = AccederWebOpenLibraryOrg/Info.plist;
				LD_RUNPATH_SEARCH_PATHS = "$(inherited) @executable_path/Frameworks";
				PRODUCT_BUNDLE_IDENTIFIER = iOS.SwiftProgramar.AccederWebOpenLibraryOrg;
				PRODUCT_NAME = "$(TARGET_NAME)";
			};
			name = Debug;
		};
		D5BAA6171D708EA5004B96D8 /* Release */ = {
			isa = XCBuildConfiguration;
			buildSettings = {
				ASSETCATALOG_COMPILER_APPICON_NAME = AppIcon;
				INFOPLIST_FILE = AccederWebOpenLibraryOrg/Info.plist;
				LD_RUNPATH_SEARCH_PATHS = "$(inherited) @executable_path/Frameworks";
				PRODUCT_BUNDLE_IDENTIFIER = iOS.SwiftProgramar.AccederWebOpenLibraryOrg;
				PRODUCT_NAME = "$(TARGET_NAME)";
			};
			name = Release;
		};
/* End XCBuildConfiguration section */

/* Begin XCConfigurationList section */
		D5BAA5FE1D708EA5004B96D8 /* Build configuration list for PBXProject "AccederWebOpenLibraryOrg" */ = {
			isa = XCConfigurationList;
			buildConfigurations = (
				D5BAA6131D708EA5004B96D8 /* Debug */,
				D5BAA6141D708EA5004B96D8 /* Release */,
			);
			defaultConfigurationIsVisible = 0;
			defaultConfigurationName = Release;
		};
		D5BAA6151D708EA5004B96D8 /* Build configuration list for PBXNativeTarget "AccederWebOpenLibraryOrg" */ = {
			isa = XCConfigurationList;
			buildConfigurations = (
				D5BAA6161D708EA5004B96D8 /* Debug */,
				D5BAA6171D708EA5004B96D8 /* Release */,
			);
			defaultConfigurationIsVisible = 0;
		};
/* End XCConfigurationList section */
	};
	rootObject = D5BAA5FB1D708EA5004B96D8 /* Project object */;
}
